
Microsoft Visual Studio Solution File, Format Version 12.00
# Visual Studio Version 16
VisualStudioVersion = 16.0.31424.327
MinimumVisualStudioVersion = 10.0.40219.1
Project("{FAE04EC0-301F-11D3-BF4B-00C04F79EFBC}") = "APDLab1WinFormsApp2", "APDLab1WinFormsApp2\APDLab1WinFormsApp2.csproj", "{A3516ED5-78CF-4DB9-A506-76C8D2209BCC}"
EndProject
Global
	GlobalSection(SolutionConfigurationPlatforms) = preSolution
		Debug|Any CPU = Debug|Any CPU
		Release|Any CPU = Release|Any CPU
	EndGlobalSection
	GlobalSection(ProjectConfigurationPlatforms) = postSolution
		{A3516ED5-78CF-4DB9-A506-76C8D2209BCC}.Debug|Any CPU.ActiveCfg = Debug|Any CPU
		{A3516ED5-78CF-4DB9-A506-76C8D2209BCC}.Debug|Any CPU.Build.0 = Debug|Any CPU
		{A3516ED5-78CF-4DB9-A506-76C8D2209BCC}.Release|Any CPU.ActiveCfg = Release|Any CPU
		{A3516ED5-78CF-4DB9-A506-76C8D2209BCC}.Release|Any CPU.Build.0 = Release|Any CPU
	EndGlobalSection
	GlobalSection(SolutionProperties) = preSolution
		HideSolutionNode = FALSE
	EndGlobalSection
	GlobalSection(ExtensibilityGlobals) = postSolution
		SolutionGuid = {4DD355DB-AB59-41AF-9F0A-FBF8BF6FA856}
	EndGlobalSection
EndGlobal
